
Microsoft Visual Studio Solution File, Format Version 12.00
# Visual Studio Version 17
VisualStudioVersion = 17.0.32014.148
MinimumVisualStudioVersion = 10.0.40219.1
Project("{FAE04EC0-301F-11D3-BF4B-00C04F79EFBC}") = "BoneAlbumDownloader", "BoneAlbumDownloader\BoneAlbumDownloader.csproj", "{AD058806-38C7-438F-86E3-D44F6E190C55}"
EndProject
Global
	GlobalSection(SolutionConfigurationPlatforms) = preSolution
		Debug|Any CPU = Debug|Any CPU
		Release|Any CPU = Release|Any CPU
	EndGlobalSection
	GlobalSection(ProjectConfigurationPlatforms) = postSolution
		{AD058806-38C7-438F-86E3-D44F6E190C55}.Debug|Any CPU.ActiveCfg = Debug|Any CPU
		{AD058806-38C7-438F-86E3-D44F6E190C55}.Debug|Any CPU.Build.0 = Debug|Any CPU
		{AD058806-38C7-438F-86E3-D44F6E190C55}.Release|Any CPU.ActiveCfg = Release|Any CPU
		{AD058806-38C7-438F-86E3-D44F6E190C55}.Release|Any CPU.Build.0 = Release|Any CPU
	EndGlobalSection
	GlobalSection(SolutionProperties) = preSolution
		HideSolutionNode = FALSE
	EndGlobalSection
	GlobalSection(ExtensibilityGlobals) = postSolution
		SolutionGuid = {60EEF3E4-131E-47A4-BEBA-EC0AB595279B}
	EndGlobalSection
EndGlobal
